
Microsoft Visual Studio Solution File, Format Version 12.00
# Visual Studio Version 17
VisualStudioVersion = 17.11.35312.102
MinimumVisualStudioVersion = 10.0.40219.1
Project("{FAE04EC0-301F-11D3-BF4B-00C04F79EFBC}") = "Desktop.Ava", "Desktop.Ava\Desktop.Ava.csproj", "{8427EB2A-FB28-4EDF-A493-1361BC5EA479}"
EndProject
Global
	GlobalSection(SolutionConfigurationPlatforms) = preSolution
		Debug|Any CPU = Debug|Any CPU
		Debug|x64 = Debug|x64
		Release|Any CPU = Release|Any CPU
		Release|x64 = Release|x64
	EndGlobalSection
	GlobalSection(ProjectConfigurationPlatforms) = postSolution
		{8427EB2A-FB28-4EDF-A493-1361BC5EA479}.Debug|Any CPU.ActiveCfg = Debug|Any CPU
		{8427EB2A-FB28-4EDF-A493-1361BC5EA479}.Debug|Any CPU.Build.0 = Debug|Any CPU
		{8427EB2A-FB28-4EDF-A493-1361BC5EA479}.Debug|x64.ActiveCfg = Debug|x64
		{8427EB2A-FB28-4EDF-A493-1361BC5EA479}.Debug|x64.Build.0 = Debug|x64
		{8427EB2A-FB28-4EDF-A493-1361BC5EA479}.Release|Any CPU.ActiveCfg = Release|Any CPU
		{8427EB2A-FB28-4EDF-A493-1361BC5EA479}.Release|Any CPU.Build.0 = Release|Any CPU
		{8427EB2A-FB28-4EDF-A493-1361BC5EA479}.Release|x64.ActiveCfg = Release|x64
		{8427EB2A-FB28-4EDF-A493-1361BC5EA479}.Release|x64.Build.0 = Release|x64
	EndGlobalSection
	GlobalSection(SolutionProperties) = preSolution
		HideSolutionNode = FALSE
	EndGlobalSection
	GlobalSection(ExtensibilityGlobals) = postSolution
		SolutionGuid = {1BDCE346-9952-424E-8AB0-365E15381B08}
	EndGlobalSection
EndGlobal
